
Microsoft Visual Studio Solution File, Format Version 12.00
# Visual Studio 15
Project("{FAE04EC0-301F-11D3-BF4B-00C04F79EFBC}") = "Basics", "Basics\Basics.csproj", "{D80BE1D3-4050-4AEC-9A76-75C42DF41FD5}"
EndProject
Project("{FAE04EC0-301F-11D3-BF4B-00C04F79EFBC}") = "IdentityExample", "IdentityExample\IdentityExample.csproj", "{6B30BCC5-8DC3-4D84-AFFE-D72CFBF78A9D}"
EndProject
Project("{2150E333-8FDC-42A3-9474-1A3956D46DE8}") = "basic", "basic", "{EE69FB5C-0853-4254-A17F-284404CD65DB}"
EndProject
Project("{2150E333-8FDC-42A3-9474-1A3956D46DE8}") = "oauth", "oauth", "{5CAC2AD4-92A6-4D31-B8B0-0795C6E8D47F}"
EndProject
Project("{FAE04EC0-301F-11D3-BF4B-00C04F79EFBC}") = "Server", "Server\Server.csproj", "{1BF2D05B-4D8E-410F-B458-8703A36D8616}"
EndProject
Project("{FAE04EC0-301F-11D3-BF4B-00C04F79EFBC}") = "Client", "Client\Client.csproj", "{EEE39C71-9130-4F9C-A01B-B8E511511A6A}"
EndProject
Project("{FAE04EC0-301F-11D3-BF4B-00C04F79EFBC}") = "Api", "Api\Api.csproj", "{2C24D48F-3D16-4919-B221-B4A74AAF663A}"
EndProject
Global
	GlobalSection(SolutionConfigurationPlatforms) = preSolution
		Debug|Any CPU = Debug|Any CPU
		Release|Any CPU = Release|Any CPU
	EndGlobalSection
	GlobalSection(ProjectConfigurationPlatforms) = postSolution
		{D80BE1D3-4050-4AEC-9A76-75C42DF41FD5}.Debug|Any CPU.ActiveCfg = Debug|Any CPU
		{D80BE1D3-4050-4AEC-9A76-75C42DF41FD5}.Debug|Any CPU.Build.0 = Debug|Any CPU
		{D80BE1D3-4050-4AEC-9A76-75C42DF41FD5}.Release|Any CPU.ActiveCfg = Release|Any CPU
		{D80BE1D3-4050-4AEC-9A76-75C42DF41FD5}.Release|Any CPU.Build.0 = Release|Any CPU
		{6B30BCC5-8DC3-4D84-AFFE-D72CFBF78A9D}.Debug|Any CPU.ActiveCfg = Debug|Any CPU
		{6B30BCC5-8DC3-4D84-AFFE-D72CFBF78A9D}.Debug|Any CPU.Build.0 = Debug|Any CPU
		{6B30BCC5-8DC3-4D84-AFFE-D72CFBF78A9D}.Release|Any CPU.ActiveCfg = Release|Any CPU
		{6B30BCC5-8DC3-4D84-AFFE-D72CFBF78A9D}.Release|Any CPU.Build.0 = Release|Any CPU
		{1BF2D05B-4D8E-410F-B458-8703A36D8616}.Debug|Any CPU.ActiveCfg = Debug|Any CPU
		{1BF2D05B-4D8E-410F-B458-8703A36D8616}.Debug|Any CPU.Build.0 = Debug|Any CPU
		{1BF2D05B-4D8E-410F-B458-8703A36D8616}.Release|Any CPU.ActiveCfg = Release|Any CPU
		{1BF2D05B-4D8E-410F-B458-8703A36D8616}.Release|Any CPU.Build.0 = Release|Any CPU
		{EEE39C71-9130-4F9C-A01B-B8E511511A6A}.Debug|Any CPU.ActiveCfg = Debug|Any CPU
		{EEE39C71-9130-4F9C-A01B-B8E511511A6A}.Debug|Any CPU.Build.0 = Debug|Any CPU
		{EEE39C71-9130-4F9C-A01B-B8E511511A6A}.Release|Any CPU.ActiveCfg = Release|Any CPU
		{EEE39C71-9130-4F9C-A01B-B8E511511A6A}.Release|Any CPU.Build.0 = Release|Any CPU
		{2C24D48F-3D16-4919-B221-B4A74AAF663A}.Debug|Any CPU.ActiveCfg = Debug|Any CPU
		{2C24D48F-3D16-4919-B221-B4A74AAF663A}.Debug|Any CPU.Build.0 = Debug|Any CPU
		{2C24D48F-3D16-4919-B221-B4A74AAF663A}.Release|Any CPU.ActiveCfg = Release|Any CPU
		{2C24D48F-3D16-4919-B221-B4A74AAF663A}.Release|Any CPU.Build.0 = Release|Any CPU
	EndGlobalSection
	GlobalSection(NestedProjects) = preSolution
		{D80BE1D3-4050-4AEC-9A76-75C42DF41FD5} = {EE69FB5C-0853-4254-A17F-284404CD65DB}
		{6B30BCC5-8DC3-4D84-AFFE-D72CFBF78A9D} = {EE69FB5C-0853-4254-A17F-284404CD65DB}
		{1BF2D05B-4D8E-410F-B458-8703A36D8616} = {5CAC2AD4-92A6-4D31-B8B0-0795C6E8D47F}
		{EEE39C71-9130-4F9C-A01B-B8E511511A6A} = {5CAC2AD4-92A6-4D31-B8B0-0795C6E8D47F}
		{2C24D48F-3D16-4919-B221-B4A74AAF663A} = {5CAC2AD4-92A6-4D31-B8B0-0795C6E8D47F}
	EndGlobalSection
EndGlobal
